
Microsoft Visual Studio Solution File, Format Version 12.00
# Visual Studio Version 16
VisualStudioVersion = 16.0.29728.190
MinimumVisualStudioVersion = 10.0.40219.1
Project("{FAE04EC0-301F-11D3-BF4B-00C04F79EFBC}") = "AspNetWebFormsWithAngular", "AspNetWebFormsWithAngular\AspNetWebFormsWithAngular.csproj", "{0E77E4E0-1D6A-472C-8767-56BFCC7F8888}"
EndProject
Global
	GlobalSection(SolutionConfigurationPlatforms) = preSolution
		Debug|Any CPU = Debug|Any CPU
		Release|Any CPU = Release|Any CPU
	EndGlobalSection
	GlobalSection(ProjectConfigurationPlatforms) = postSolution
		{0E77E4E0-1D6A-472C-8767-56BFCC7F8888}.Debug|Any CPU.ActiveCfg = Debug|Any CPU
		{0E77E4E0-1D6A-472C-8767-56BFCC7F8888}.Debug|Any CPU.Build.0 = Debug|Any CPU
		{0E77E4E0-1D6A-472C-8767-56BFCC7F8888}.Release|Any CPU.ActiveCfg = Release|Any CPU
		{0E77E4E0-1D6A-472C-8767-56BFCC7F8888}.Release|Any CPU.Build.0 = Release|Any CPU
	EndGlobalSection
	GlobalSection(SolutionProperties) = preSolution
		HideSolutionNode = FALSE
	EndGlobalSection
	GlobalSection(ExtensibilityGlobals) = postSolution
		SolutionGuid = {FC78113E-B885-44B0-8B65-5003C5B4DD52}
	EndGlobalSection
EndGlobal
